# generated by rye
# use `rye lock` or `rye sync` to update this lockfile
#
# last locked with the following flags:
#   pre: false
#   features: []
#   all-features: false
#   with-sources: false
#   generate-hashes: false

-e file:.
annotated-types==0.7.0
    # via pydantic
anyio==4.4.0
    # via httpx
    # via starlette
    # via watchfiles
appdirs==1.4.4
    # via ptpython
arpeggio==2.0.2
    # via textx
asttokens==2.4.1
    # via stack-data
bitarray==2.9.2
    # via bitstring
bitmath==1.3.3.1
    # via osxphotos
bitstring==4.2.3
    # via osxmetadata
black==24.4.2
    # via photos-wrapped
blessed==1.17.12
    # via objexplore
bpylist2==4.1.1
    # via osxphotos
certifi==2024.7.4
    # via httpcore
    # via httpx
    # via requests
cffi==1.16.0
    # via xattr
cgmetadata==0.1.6
    # via makelive
    # via osxphotos
charset-normalizer==3.3.2
    # via requests
click==8.1.7
    # via black
    # via makelive
    # via osxmetadata
    # via osxphotos
    # via typer
    # via uvicorn
decorator==5.1.1
    # via ipdb
    # via ipython
dnspython==2.6.1
    # via email-validator
email-validator==2.2.0
    # via fastapi
executing==2.0.1
    # via stack-data
fastapi==0.111.0
    # via photos-wrapped
fastapi-cli==0.0.4
    # via fastapi
filelock==3.15.4
    # via huggingface-hub
    # via torch
    # via transformers
fsspec==2024.6.1
    # via huggingface-hub
    # via torch
h11==0.14.0
    # via httpcore
    # via uvicorn
httpcore==1.0.5
    # via httpx
httptools==0.6.1
    # via uvicorn
httpx==0.27.0
    # via fastapi
huggingface-hub==0.23.4
    # via sentence-transformers
    # via tokenizers
    # via transformers
idna==3.7
    # via anyio
    # via email-validator
    # via httpx
    # via requests
ipdb==0.13.13
ipython==8.26.0
    # via ipdb
jedi==0.19.1
    # via ipython
    # via ptpython
jinja2==3.1.4
    # via fastapi
    # via photos-wrapped
    # via torch
joblib==1.4.2
    # via scikit-learn
litequeue==0.8
    # via photos-wrapped
mac-alias==2.2.2
    # via osxphotos
makelive==0.6.1
    # via osxphotos
mako==1.2.4
    # via osxphotos
markdown-it-py==3.0.0
    # via rich
markupsafe==2.1.5
    # via jinja2
    # via mako
matplotlib-inline==0.1.7
    # via ipython
mdurl==0.1.2
    # via markdown-it-py
more-itertools==8.14.0
    # via osxphotos
mpmath==1.3.0
    # via sympy
mypy-extensions==1.0.0
    # via black
networkx==3.3
    # via torch
numpy==2.0.0
    # via photos-wrapped
    # via scikit-learn
    # via scipy
    # via sentence-transformers
    # via transformers
objexplore==1.6.3
    # via osxphotos
orjson==3.10.6
    # via fastapi
osxmetadata==1.3.5
    # via osxphotos
osxphotos==0.68.2
    # via photos-wrapped
packaging==24.1
    # via black
    # via huggingface-hub
    # via osxphotos
    # via transformers
parso==0.8.4
    # via jedi
pathspec==0.12.1
    # via black
pathvalidate==3.2.0
    # via osxphotos
pexpect==4.9.0
    # via ipython
photoscript==0.3.1
    # via osxphotos
pillow==10.4.0
    # via photos-wrapped
    # via pillow-heif
    # via sentence-transformers
pillow-avif-plugin==1.4.3
    # via photos-wrapped
pillow-heif==0.17.0
    # via photos-wrapped
pip==24.1.1
    # via osxphotos
platformdirs==4.2.2
    # via black
polling==0.3.2
    # via photos-wrapped
prompt-toolkit==3.0.47
    # via ipython
    # via ptpython
ptpython==3.0.27
    # via osxphotos
ptyprocess==0.7.0
    # via pexpect
pure-eval==0.2.2
    # via stack-data
py-applescript==1.0.3
    # via osxmetadata
    # via photoscript
pycparser==2.22
    # via cffi
pydantic==2.8.2
    # via fastapi
    # via photos-wrapped
pydantic-core==2.20.1
    # via pydantic
pygments==2.18.0
    # via ipython
    # via ptpython
    # via rich
pyobjc-core==10.3.1
    # via cgmetadata
    # via makelive
    # via osxmetadata
    # via osxphotos
    # via photoscript
    # via py-applescript
    # via pyobjc-framework-applescriptkit
    # via pyobjc-framework-applescriptobjc
    # via pyobjc-framework-avfoundation
    # via pyobjc-framework-cocoa
    # via pyobjc-framework-contacts
    # via pyobjc-framework-coreaudio
    # via pyobjc-framework-corelocation
    # via pyobjc-framework-coremedia
    # via pyobjc-framework-coreml
    # via pyobjc-framework-coreservices
    # via pyobjc-framework-fsevents
    # via pyobjc-framework-metal
    # via pyobjc-framework-photos
    # via pyobjc-framework-quartz
    # via pyobjc-framework-scriptingbridge
    # via pyobjc-framework-uniformtypeidentifiers
    # via pyobjc-framework-vision
pyobjc-framework-applescriptkit==10.3.1
    # via osxmetadata
    # via osxphotos
    # via photoscript
    # via py-applescript
pyobjc-framework-applescriptobjc==10.3.1
    # via osxmetadata
    # via osxphotos
    # via photoscript
    # via py-applescript
pyobjc-framework-avfoundation==10.3.1
    # via cgmetadata
    # via makelive
    # via osxmetadata
    # via osxphotos
pyobjc-framework-cocoa==10.3.1
    # via osxphotos
    # via photoscript
    # via pyobjc-framework-applescriptkit
    # via pyobjc-framework-applescriptobjc
    # via pyobjc-framework-avfoundation
    # via pyobjc-framework-contacts
    # via pyobjc-framework-coreaudio
    # via pyobjc-framework-corelocation
    # via pyobjc-framework-coremedia
    # via pyobjc-framework-coreml
    # via pyobjc-framework-coreservices
    # via pyobjc-framework-fsevents
    # via pyobjc-framework-metal
    # via pyobjc-framework-photos
    # via pyobjc-framework-quartz
    # via pyobjc-framework-scriptingbridge
    # via pyobjc-framework-uniformtypeidentifiers
    # via pyobjc-framework-vision
pyobjc-framework-contacts==10.3.1
    # via makelive
pyobjc-framework-coreaudio==10.3.1
    # via pyobjc-framework-avfoundation
pyobjc-framework-corelocation==10.3.1
    # via cgmetadata
    # via makelive
pyobjc-framework-coremedia==10.3.1
    # via osxmetadata
    # via pyobjc-framework-avfoundation
pyobjc-framework-coreml==10.3.1
    # via pyobjc-framework-vision
pyobjc-framework-coreservices==10.3.1
    # via osxmetadata
    # via osxphotos
pyobjc-framework-fsevents==10.3.1
    # via pyobjc-framework-coreservices
pyobjc-framework-metal==10.3.1
    # via osxphotos
pyobjc-framework-photos==10.3.1
    # via osxphotos
pyobjc-framework-quartz==10.3.1
    # via cgmetadata
    # via makelive
    # via osxmetadata
    # via osxphotos
    # via pyobjc-framework-avfoundation
    # via pyobjc-framework-vision
pyobjc-framework-scriptingbridge==10.3.1
    # via osxmetadata
pyobjc-framework-uniformtypeidentifiers==10.3.1
    # via cgmetadata
    # via makelive
pyobjc-framework-vision==10.3.1
    # via osxphotos
python-dotenv==1.0.1
    # via uvicorn
python-multipart==0.0.9
    # via fastapi
pytimeparse2==1.7.1
    # via osxphotos
pyyaml==6.0.1
    # via huggingface-hub
    # via osxphotos
    # via transformers
    # via uvicorn
regex==2024.5.15
    # via transformers
requests==2.32.3
    # via huggingface-hub
    # via osxphotos
    # via transformers
rich==13.7.1
    # via cgmetadata
    # via objexplore
    # via osxphotos
    # via rich-theme-manager
    # via typer
rich-theme-manager==0.11.0
    # via osxphotos
safetensors==0.4.3
    # via transformers
scikit-learn==1.5.1
    # via sentence-transformers
scipy==1.14.0
    # via photos-wrapped
    # via scikit-learn
    # via sentence-transformers
sentence-transformers==3.0.1
    # via photos-wrapped
shellingham==1.5.4
    # via typer
shortuuid==1.0.13
    # via osxphotos
six==1.16.0
    # via asttokens
    # via blessed
sniffio==1.3.1
    # via anyio
    # via httpx
sqlalchemy==2.0.31
    # via photos-wrapped
stack-data==0.6.3
    # via ipython
starlette==0.37.2
    # via fastapi
strpdatetime==0.3.0
    # via osxphotos
sympy==1.12.1
    # via torch
tenacity==8.4.2
    # via osxphotos
textx==4.0.1
    # via osxphotos
    # via strpdatetime
threadpoolctl==3.5.0
    # via scikit-learn
tokenizers==0.19.1
    # via transformers
toml==0.10.2
    # via osxphotos
torch==2.3.1
    # via sentence-transformers
tqdm==4.66.4
    # via huggingface-hub
    # via sentence-transformers
    # via transformers
traitlets==5.14.3
    # via ipython
    # via matplotlib-inline
transformers==4.41.2
    # via sentence-transformers
typer==0.12.3
    # via fastapi-cli
typing-extensions==4.12.2
    # via fastapi
    # via huggingface-hub
    # via pydantic
    # via pydantic-core
    # via sqlalchemy
    # via torch
    # via typer
ujson==5.10.0
    # via fastapi
urllib3==2.2.2
    # via requests
uvicorn==0.30.1
    # via fastapi
uvloop==0.19.0
    # via uvicorn
watchfiles==0.22.0
    # via uvicorn
wcwidth==0.2.13
    # via blessed
    # via prompt-toolkit
websockets==12.0
    # via uvicorn
wheel==0.43.0
    # via cgmetadata
    # via makelive
    # via osxmetadata
wrapt==1.16.0
    # via osxphotos
wurlitzer==3.1.1
    # via cgmetadata
    # via makelive
    # via osxphotos
xattr==1.1.0
    # via osxmetadata
xdg-base-dirs==6.0.1
    # via osxphotos
